lockVersion: 2.0.0
id: a9998797-242d-43f8-a716-12c3814c32c2
management:
  docChecksum: 3ec2afd3dfdb1be79ebcc9f2c18c5d80
  docVersion: 0.0.2
  speakeasyVersion: 1.449.0
  generationVersion: 2.467.4
  releaseVersion: 0.1.0-alpha.10
  configChecksum: 15e4cfbc3a9f13bdc4857ffbdc0ccc41
  repoURL: https://github.com/asksyllable/syllable-sdk-typescript.git
  installationURL: https://github.com/asksyllable/syllable-sdk-typescript
  published: true
features:
  typescript:
    additionalDependencies: 0.1.0
    constsAndDefaults: 0.1.11
    core: 3.18.7
    defaultEnabledRetries: 0.1.0
    devContainers: 2.90.0
    downloadStreams: 0.1.1
    enumUnions: 0.1.0
    envVarSecurityUsage: 0.1.2
    globalSecurity: 2.82.11
    globalSecurityCallbacks: 0.1.0
    globalSecurityFlattening: 0.1.0
    globalServerURLs: 2.82.4
    nameOverrides: 2.81.2
    nullables: 0.1.0
    responseFormat: 0.2.3
    retries: 2.83.0
    sdkHooks: 0.2.0
    unions: 2.85.8
generatedFiles:
  - .devcontainer/README.md
  - .devcontainer/devcontainer.json
  - .devcontainer/setup.sh
  - .eslintrc.cjs
  - .gitattributes
  - .npmignore
  - CONTRIBUTING.md
  - FUNCTIONS.md
  - RUNTIMES.md
  - USAGE.md
  - docs/lib/utils/retryconfig.md
  - docs/models/components/agent.md
  - docs/models/components/agentcreate.md
  - docs/models/components/agentcreatevariables.md
  - docs/models/components/agentproperties.md
  - docs/models/components/agenttooldefaults.md
  - docs/models/components/agenttoolfielddefault.md
  - docs/models/components/agentupdate.md
  - docs/models/components/agentupdatevariables.md
  - docs/models/components/attributes.md
  - docs/models/components/availabletarget.md
  - docs/models/components/availabletargetproperties.md
  - docs/models/components/channel.md
  - docs/models/components/channelproperties.md
  - docs/models/components/channelservices.md
  - docs/models/components/channeltarget.md
  - docs/models/components/channeltargetcreaterequest.md
  - docs/models/components/channeltargetproperties.md
  - docs/models/components/contacttags.md
  - docs/models/components/conversation.md
  - docs/models/components/conversationproperties.md
  - docs/models/components/custommessage.md
  - docs/models/components/custommessagecreate.md
  - docs/models/components/custommessageproperties.md
  - docs/models/components/definition.md
  - docs/models/components/directoryextension.md
  - docs/models/components/directorymember.md
  - docs/models/components/directorymembercreate.md
  - docs/models/components/directorymembercreatecontacttags.md
  - docs/models/components/directorymemberproperties.md
  - docs/models/components/event.md
  - docs/models/components/eventproperties.md
  - docs/models/components/listresponseagent.md
  - docs/models/components/listresponseavailabletarget.md
  - docs/models/components/listresponsechannel.md
  - docs/models/components/listresponsechanneltarget.md
  - docs/models/components/listresponseconversation.md
  - docs/models/components/listresponsecustommessage.md
  - docs/models/components/listresponsedirectorymember.md
  - docs/models/components/listresponseevent.md
  - docs/models/components/listresponseprompt.md
  - docs/models/components/listresponseservice.md
  - docs/models/components/listresponsesession.md
  - docs/models/components/listresponsesessionlabel.md
  - docs/models/components/listresponsetool.md
  - docs/models/components/llmconfig.md
  - docs/models/components/loc.md
  - docs/models/components/numbers.md
  - docs/models/components/orderbydirection.md
  - docs/models/components/prompt.md
  - docs/models/components/promptcreate.md
  - docs/models/components/prompthistory.md
  - docs/models/components/promptproperties.md
  - docs/models/components/promptupdate.md
  - docs/models/components/provider.md
  - docs/models/components/response.md
  - docs/models/components/security.md
  - docs/models/components/service.md
  - docs/models/components/servicecreate.md
  - docs/models/components/serviceproperties.md
  - docs/models/components/serviceupdate.md
  - docs/models/components/session.md
  - docs/models/components/sessionaction.md
  - docs/models/components/sessionlabel.md
  - docs/models/components/sessionlabelcreate.md
  - docs/models/components/sessionlabelproperties.md
  - docs/models/components/sessionproperties.md
  - docs/models/components/sessionrecordingresponse.md
  - docs/models/components/sessiontext.md
  - docs/models/components/sessiontranscriptionresponse.md
  - docs/models/components/target.md
  - docs/models/components/targetmodes.md
  - docs/models/components/testmessage.md
  - docs/models/components/testmessageresponse.md
  - docs/models/components/tool.md
  - docs/models/components/toolcreate.md
  - docs/models/components/toolcreatedefinition.md
  - docs/models/components/tooldetailresponse.md
  - docs/models/components/toolproperties.md
  - docs/models/components/toolupdate.md
  - docs/models/components/toolupdatedefinition.md
  - docs/models/components/validationerror.md
  - docs/models/components/variables.md
  - docs/models/errors/httpvalidationerror.md
  - docs/models/operations/agentdeleterequest.md
  - docs/models/operations/agentgetbyidrequest.md
  - docs/models/operations/agentlistrequest.md
  - docs/models/operations/availabletargetsrequest.md
  - docs/models/operations/channelslistrequest.md
  - docs/models/operations/channeltargetscreaterequest.md
  - docs/models/operations/channeltargetsdeleterequest.md
  - docs/models/operations/channeltargetsgetbyidrequest.md
  - docs/models/operations/channeltargetslistrequest.md
  - docs/models/operations/channeltargetsupdaterequest.md
  - docs/models/operations/conversationslistrequest.md
  - docs/models/operations/custommessagegetbyidrequest.md
  - docs/models/operations/custommessagesdeleterequest.md
  - docs/models/operations/custommessageslistrequest.md
  - docs/models/operations/directorymemberdeleterequest.md
  - docs/models/operations/directorymembergetbyidrequest.md
  - docs/models/operations/directorymemberlistrequest.md
  - docs/models/operations/directorymemberupdaterequest.md
  - docs/models/operations/eventslistrequest.md
  - docs/models/operations/generatesessionrecordingurlsrequest.md
  - docs/models/operations/getdailycallvolumebyhourresponsegetdailycallvolumebyhour.md
  - docs/models/operations/getmonthlycallvolumebydayresponsegetmonthlycallvolumebyday.md
  - docs/models/operations/getmonthlycallvolumebyweekresponsegetmonthlycallvolumebyweek.md
  - docs/models/operations/getsessionagentsresponsegetsessionagents.md
  - docs/models/operations/getsessionsummaryrequest.md
  - docs/models/operations/getsessionsummaryresponsegetsessionsummary.md
  - docs/models/operations/gettotalcallvolumebyhourresponsegettotalcallvolumebyhour.md
  - docs/models/operations/getweeklycallvolumebyweekdayresponsegetweeklycallvolumebyweekday.md
  - docs/models/operations/promptsdeleterequest.md
  - docs/models/operations/promptsgetbyidrequest.md
  - docs/models/operations/promptshistoryrequest.md
  - docs/models/operations/promptslistrequest.md
  - docs/models/operations/servicelistrequest.md
  - docs/models/operations/sessiongetbyidrequest.md
  - docs/models/operations/sessionlabelgetbyidrequest.md
  - docs/models/operations/sessionlabelslistrequest.md
  - docs/models/operations/sessionrecordingstreamrequest.md
  - docs/models/operations/sessionslistrequest.md
  - docs/models/operations/sessiontranscriptgetbyidrequest.md
  - docs/models/operations/toolgetbynamerequest.md
  - docs/models/operations/toollistrequest.md
  - docs/models/operations/totalcallvolumebyweekdayresponsetotalcallvolumebyweekday.md
  - docs/sdks/agents/README.md
  - docs/sdks/channels/README.md
  - docs/sdks/conversations/README.md
  - docs/sdks/custommessages/README.md
  - docs/sdks/dashboards/README.md
  - docs/sdks/directory/README.md
  - docs/sdks/events/README.md
  - docs/sdks/prompts/README.md
  - docs/sdks/services/README.md
  - docs/sdks/sessionlabels/README.md
  - docs/sdks/sessions/README.md
  - docs/sdks/syllablesdk/README.md
  - docs/sdks/targets/README.md
  - docs/sdks/test/README.md
  - docs/sdks/tools/README.md
  - docs/sdks/transcript/README.md
  - docs/sdks/v1/README.md
  - jsr.json
  - package.json
  - src/core.ts
  - src/funcs/agentsCreate.ts
  - src/funcs/agentsDelete.ts
  - src/funcs/agentsGetById.ts
  - src/funcs/agentsList.ts
  - src/funcs/agentsTestSendTestMessage.ts
  - src/funcs/agentsUpdate.ts
  - src/funcs/channelsDelete.ts
  - src/funcs/channelsList.ts
  - src/funcs/channelsTargetsAvailableTargets.ts
  - src/funcs/channelsTargetsCreate.ts
  - src/funcs/channelsTargetsGetById.ts
  - src/funcs/channelsTargetsList.ts
  - src/funcs/channelsTargetsUpdate.ts
  - src/funcs/conversationsList.ts
  - src/funcs/customMessagesCreate.ts
  - src/funcs/customMessagesDelete.ts
  - src/funcs/customMessagesGetById.ts
  - src/funcs/customMessagesList.ts
  - src/funcs/customMessagesUpdate.ts
  - src/funcs/dashboardsGetDailyCallVolumeByHour.ts
  - src/funcs/dashboardsGetMonthlyCallVolumeByDay.ts
  - src/funcs/dashboardsGetMonthlyCallVolumeByWeek.ts
  - src/funcs/dashboardsGetSessionAgents.ts
  - src/funcs/dashboardsGetSessionSummary.ts
  - src/funcs/dashboardsGetTotalCallVolumeByHour.ts
  - src/funcs/dashboardsGetWeeklyCallVolumeByWeekday.ts
  - src/funcs/dashboardsTotalCallVolumeByWeekday.ts
  - src/funcs/directoryCreate.ts
  - src/funcs/directoryDelete.ts
  - src/funcs/directoryGetById.ts
  - src/funcs/directoryList.ts
  - src/funcs/directoryUpdate.ts
  - src/funcs/eventsList.ts
  - src/funcs/promptsCreate.ts
  - src/funcs/promptsDelete.ts
  - src/funcs/promptsGetById.ts
  - src/funcs/promptsList.ts
  - src/funcs/promptsPromptsHistory.ts
  - src/funcs/promptsUpdate.ts
  - src/funcs/servicesCreate.ts
  - src/funcs/servicesList.ts
  - src/funcs/servicesUpdate.ts
  - src/funcs/sessionLabelsCreate.ts
  - src/funcs/sessionLabelsGetById.ts
  - src/funcs/sessionLabelsList.ts
  - src/funcs/sessionsGenerateSessionRecordingUrls.ts
  - src/funcs/sessionsGetById.ts
  - src/funcs/sessionsList.ts
  - src/funcs/sessionsSessionRecordingStream.ts
  - src/funcs/sessionsTranscriptGetById.ts
  - src/funcs/toolsCreate.ts
  - src/funcs/toolsGetByName.ts
  - src/funcs/toolsList.ts
  - src/funcs/toolsUpdate.ts
  - src/funcs/v1Create.ts
  - src/funcs/v1Delete.ts
  - src/funcs/v1GetById.ts
  - src/funcs/v1List.ts
  - src/funcs/v1Update.ts
  - src/hooks/hooks.ts
  - src/hooks/index.ts
  - src/hooks/types.ts
  - src/index.ts
  - src/lib/base64.ts
  - src/lib/config.ts
  - src/lib/dlv.ts
  - src/lib/encodings.ts
  - src/lib/env.ts
  - src/lib/files.ts
  - src/lib/http.ts
  - src/lib/is-plain-object.ts
  - src/lib/logger.ts
  - src/lib/matchers.ts
  - src/lib/primitives.ts
  - src/lib/retries.ts
  - src/lib/schemas.ts
  - src/lib/sdks.ts
  - src/lib/security.ts
  - src/lib/url.ts
  - src/models/components/agent.ts
  - src/models/components/agentcreate.ts
  - src/models/components/agentproperties.ts
  - src/models/components/agenttooldefaults.ts
  - src/models/components/agenttoolfielddefault.ts
  - src/models/components/agentupdate.ts
  - src/models/components/availabletarget.ts
  - src/models/components/availabletargetproperties.ts
  - src/models/components/channel.ts
  - src/models/components/channelproperties.ts
  - src/models/components/channelservices.ts
  - src/models/components/channeltarget.ts
  - src/models/components/channeltargetcreaterequest.ts
  - src/models/components/channeltargetproperties.ts
  - src/models/components/conversation.ts
  - src/models/components/conversationproperties.ts
  - src/models/components/custommessage.ts
  - src/models/components/custommessagecreate.ts
  - src/models/components/custommessageproperties.ts
  - src/models/components/directoryextension.ts
  - src/models/components/directorymember.ts
  - src/models/components/directorymembercreate.ts
  - src/models/components/directorymemberproperties.ts
  - src/models/components/event.ts
  - src/models/components/eventproperties.ts
  - src/models/components/index.ts
  - src/models/components/listresponseagent.ts
  - src/models/components/listresponseavailabletarget.ts
  - src/models/components/listresponsechannel.ts
  - src/models/components/listresponsechanneltarget.ts
  - src/models/components/listresponseconversation.ts
  - src/models/components/listresponsecustommessage.ts
  - src/models/components/listresponsedirectorymember.ts
  - src/models/components/listresponseevent.ts
  - src/models/components/listresponseprompt.ts
  - src/models/components/listresponseservice.ts
  - src/models/components/listresponsesession.ts
  - src/models/components/listresponsesessionlabel.ts
  - src/models/components/listresponsetool.ts
  - src/models/components/llmconfig.ts
  - src/models/components/orderbydirection.ts
  - src/models/components/prompt.ts
  - src/models/components/promptcreate.ts
  - src/models/components/prompthistory.ts
  - src/models/components/promptproperties.ts
  - src/models/components/promptupdate.ts
  - src/models/components/security.ts
  - src/models/components/service.ts
  - src/models/components/servicecreate.ts
  - src/models/components/serviceproperties.ts
  - src/models/components/serviceupdate.ts
  - src/models/components/session.ts
  - src/models/components/sessionaction.ts
  - src/models/components/sessionlabel.ts
  - src/models/components/sessionlabelcreate.ts
  - src/models/components/sessionlabelproperties.ts
  - src/models/components/sessionproperties.ts
  - src/models/components/sessionrecordingresponse.ts
  - src/models/components/sessiontext.ts
  - src/models/components/sessiontranscriptionresponse.ts
  - src/models/components/target.ts
  - src/models/components/targetmodes.ts
  - src/models/components/testmessage.ts
  - src/models/components/testmessageresponse.ts
  - src/models/components/tool.ts
  - src/models/components/toolcreate.ts
  - src/models/components/tooldetailresponse.ts
  - src/models/components/toolproperties.ts
  - src/models/components/toolupdate.ts
  - src/models/components/validationerror.ts
  - src/models/errors/httpclienterrors.ts
  - src/models/errors/httpvalidationerror.ts
  - src/models/errors/index.ts
  - src/models/errors/sdkerror.ts
  - src/models/errors/sdkvalidationerror.ts
  - src/models/operations/agentdelete.ts
  - src/models/operations/agentgetbyid.ts
  - src/models/operations/agentlist.ts
  - src/models/operations/availabletargets.ts
  - src/models/operations/channelslist.ts
  - src/models/operations/channeltargetscreate.ts
  - src/models/operations/channeltargetsdelete.ts
  - src/models/operations/channeltargetsgetbyid.ts
  - src/models/operations/channeltargetslist.ts
  - src/models/operations/channeltargetsupdate.ts
  - src/models/operations/conversationslist.ts
  - src/models/operations/custommessagegetbyid.ts
  - src/models/operations/custommessagesdelete.ts
  - src/models/operations/custommessageslist.ts
  - src/models/operations/directorymemberdelete.ts
  - src/models/operations/directorymembergetbyid.ts
  - src/models/operations/directorymemberlist.ts
  - src/models/operations/directorymemberupdate.ts
  - src/models/operations/eventslist.ts
  - src/models/operations/generatesessionrecordingurls.ts
  - src/models/operations/getdailycallvolumebyhour.ts
  - src/models/operations/getmonthlycallvolumebyday.ts
  - src/models/operations/getmonthlycallvolumebyweek.ts
  - src/models/operations/getsessionagents.ts
  - src/models/operations/getsessionsummary.ts
  - src/models/operations/gettotalcallvolumebyhour.ts
  - src/models/operations/getweeklycallvolumebyweekday.ts
  - src/models/operations/index.ts
  - src/models/operations/promptsdelete.ts
  - src/models/operations/promptsgetbyid.ts
  - src/models/operations/promptshistory.ts
  - src/models/operations/promptslist.ts
  - src/models/operations/servicelist.ts
  - src/models/operations/sessiongetbyid.ts
  - src/models/operations/sessionlabelgetbyid.ts
  - src/models/operations/sessionlabelslist.ts
  - src/models/operations/sessionrecordingstream.ts
  - src/models/operations/sessionslist.ts
  - src/models/operations/sessiontranscriptgetbyid.ts
  - src/models/operations/toolgetbyname.ts
  - src/models/operations/toollist.ts
  - src/models/operations/totalcallvolumebyweekday.ts
  - src/sdk/agents.ts
  - src/sdk/channels.ts
  - src/sdk/conversations.ts
  - src/sdk/custommessages.ts
  - src/sdk/dashboards.ts
  - src/sdk/directory.ts
  - src/sdk/events.ts
  - src/sdk/index.ts
  - src/sdk/prompts.ts
  - src/sdk/sdk.ts
  - src/sdk/services.ts
  - src/sdk/sessionlabels.ts
  - src/sdk/sessions.ts
  - src/sdk/targets.ts
  - src/sdk/test.ts
  - src/sdk/tools.ts
  - src/sdk/transcript.ts
  - src/sdk/v1.ts
  - src/types/blobs.ts
  - src/types/constdatetime.ts
  - src/types/enums.ts
  - src/types/fp.ts
  - src/types/index.ts
  - src/types/operations.ts
  - src/types/rfcdate.ts
  - src/types/streams.ts
  - tsconfig.json
examples:
  agent_list:
    speakeasy-default-agent-list:
      responses:
        "200":
          application/json: {"items": [{"name": "<value>", "timezone": "Asia/Dili", "type": "<value>", "prompt_id": 678317, "custom_message_id": 177706, "languages": [], "id": 152837}, {"name": "<value>", "timezone": "Asia/Qostanay", "type": "<value>", "prompt_id": 639387, "custom_message_id": 17577, "languages": ["<value>", "<value>"], "id": 86140}, {"name": "<value>", "timezone": "Africa/Kigali", "type": "<value>", "prompt_id": 687960, "custom_message_id": 509883, "languages": ["<value>", "<value>"], "id": 7468}], "page": 54607, "page_size": 367745, "total_pages": 485729, "total_count": 73227}
        "422": {}
  agent_create:
    speakeasy-default-agent-create:
      requestBody:
        application/json: {"name": "<value>", "timezone": "Antarctica/Rothera", "type": "<value>", "prompt_id": 486589, "custom_message_id": 638424, "languages": ["<value>"]}
      responses:
        "200":
          application/json: {"name": "<value>", "timezone": "Asia/Qyzylorda", "type": "<value>", "prompt_id": 134365, "custom_message_id": 69025, "languages": ["<value>", "<value>", "<value>"], "id": 417458}
        "422": {}
  agent_update:
    speakeasy-default-agent-update:
      requestBody:
        application/json: {"name": "<value>", "timezone": "Europe/Tallinn", "type": "<value>", "prompt_id": 857478, "custom_message_id": 597129, "languages": ["<value>"], "id": 597129}
      responses:
        "200":
          application/json: {"name": "<value>", "timezone": "America/Metlakatla", "type": "<value>", "prompt_id": 991464, "custom_message_id": 627690, "languages": ["<value>"], "id": 991464}
        "422": {}
  agent_get_by_id:
    speakeasy-default-agent-get-by-id:
      parameters:
        path:
          agent_id: 931598
      responses:
        "200":
          application/json: {"name": "<value>", "timezone": "Asia/Anadyr", "type": "<value>", "prompt_id": 931598, "custom_message_id": 505057, "languages": ["<value>"], "id": 467619}
        "422": {}
  agent_delete:
    speakeasy-default-agent-delete:
      parameters:
        path:
          agent_id: 545907
        query:
          reason: "<value>"
      responses:
        "200":
          application/json: "<value>"
        "422": {}
  chats_send_message:
    speakeasy-default-chats-send-message:
      requestBody:
        application/json: {"service_name": "<value>", "source_name": "<value>", "chat_id": "<id>", "agent_id": "<id>", "org_name": "<value>", "text": "<value>"}
      responses:
        "200":
          application/json: {"chat_id": "<id>", "agent_id": "<id>", "text": "<value>"}
        "422": {}
  channels_list:
    speakeasy-default-channels-list:
      responses:
        "200":
          application/json: {"items": [{"name": "<value>", "channel_service": "webchat", "supported_modes": "<value>", "id": "<id>"}, {"name": "<value>", "channel_service": "email", "supported_modes": "<value>", "id": "<id>"}, {"name": "<value>", "channel_service": "email", "supported_modes": "<value>", "id": "<id>"}], "page": 547272, "page_size": 678317, "total_pages": 177706, "total_count": 229716}
        "422": {}
  channels_delete:
    speakeasy-default-channels-delete:
      parameters:
        path:
          channel_id: "<id>"
      responses:
        "200":
          application/json: {"id": 545907, "channel_id": 698486, "channel_name": "<value>", "agent_id": 386564, "target": "<value>", "target_mode": "<value>", "fallback_target": "<value>", "is_test": false}
        "422": {}
  available_targets:
    speakeasy-default-available-targets:
      responses:
        "200":
          application/json: {"items": [{"organization_id": 607868, "channel_id": 397275, "channel_name": "<value>", "target": "<value>"}, {"organization_id": 397275, "channel_id": 270907, "channel_name": "<value>", "target": "<value>"}], "page": 472435, "page_size": 214468, "total_pages": 585620, "total_count": 563255}
        "422": {}
  channel_targets_list:
    speakeasy-default-channel-targets-list:
      responses:
        "200":
          application/json: {"items": [{"id": 547272, "channel_id": 678317, "channel_name": "<value>", "agent_id": 177706, "target": "<value>", "target_mode": "<value>", "fallback_target": "<value>", "is_test": true}, {"id": 152837, "channel_id": 635532, "channel_name": "<value>", "agent_id": 639387, "target": "<value>", "target_mode": "<value>", "fallback_target": "<value>", "is_test": true}, {"id": 718303, "channel_id": 86140, "channel_name": "<value>", "agent_id": 68504, "target": "<value>", "target_mode": "<value>", "fallback_target": "<value>", "is_test": false}], "page": 509883, "page_size": 633911, "total_pages": 7468, "total_count": 54607}
        "422": {}
  channel_targets_create:
    speakeasy-default-channel-targets-create:
      parameters:
        path:
          channel_id: 134365
      requestBody:
        application/json: {"channel_id": 486589, "agent_id": 638424, "target": "<value>", "target_mode": "<value>", "fallback_target": "<value>", "is_test": true}
      responses:
        "200":
          application/json: {"id": 69025, "channel_id": 796474, "channel_name": "<value>", "agent_id": 951062, "target": "<value>", "target_mode": "<value>", "fallback_target": "<value>", "is_test": true}
        "422": {}
  channel_targets_get_by_id:
    speakeasy-default-channel-targets-get-by-id:
      parameters:
        path:
          channel_id: 931598
          target_id: 505057
      responses:
        "200":
          application/json: {"id": 467619, "channel_id": 33486, "channel_name": "<value>", "agent_id": 529758, "target": "<value>", "target_mode": "<value>", "fallback_target": "<value>", "is_test": false}
        "422": {}
  channels_target_update:
    speakeasy-default-channels-target-update:
      parameters:
        path:
          channel_id: 627690
          target_id: 488852
      requestBody:
        application/json: {"id": 857478, "channel_id": 597129, "channel_name": "<value>", "agent_id": 344620, "target": "<value>", "target_mode": "<value>", "fallback_target": "<value>", "is_test": false}
      responses:
        "200":
          application/json: {"id": 984008, "channel_id": 54062, "channel_name": "<value>", "agent_id": 896501, "target": "<value>", "target_mode": "<value>", "fallback_target": "<value>", "is_test": true}
        "422": {}
  conversations_list:
    speakeasy-default-conversations-list:
      responses:
        "200":
          application/json: {"items": [{"timestamp": "2023-08-23T19:26:20.850Z", "conversation_id": "<id>"}, {"timestamp": "2024-01-14T10:26:00.433Z", "conversation_id": "<id>"}, {"timestamp": "2022-07-14T18:23:27.528Z", "conversation_id": "<id>"}], "page": 229716, "page_size": 152837, "total_pages": 635532, "total_count": 639387}
        "422": {}
  conversation_get_by_id:
    speakeasy-default-conversation-get-by-id:
      parameters:
        path:
          conversation_id: "<id>"
      responses:
        "200":
          application/json: {"conversation_id": "<id>", "transcription": [{"timestamp": "2023-07-08T13:01:26.809Z"}, {"timestamp": "2023-05-28T12:15:12.578Z"}, {"timestamp": "2022-02-06T16:50:06.315Z"}], "actions": [{"timestamp": "2024-08-17T13:32:33.654Z"}, {"timestamp": "2023-08-23T04:58:12.943Z"}]}
        "422": {}
  total_call_volume_by_weekday: {}
  get_total_call_volume_by_hour: {}
  get_weekly_call_volume_by_weekday: {}
  get_daily_call_volume_by_hour: {}
  get_monthly_call_volume_by_week: {}
  get_monthly_call_volume_by_day: {}
  get_session_summary: {}
  get_session_agents: {}
  events_list:
    speakeasy-default-events-list:
      responses:
        "200":
          application/json: {"items": [{"timestamp": "2023-08-23T19:26:20.850Z"}, {"timestamp": "2024-01-14T10:26:00.433Z"}, {"timestamp": "2022-07-14T18:23:27.528Z"}], "page": 229716, "page_size": 152837, "total_pages": 635532, "total_count": 639387}
        "422": {}
  greetings_list:
    speakeasy-default-greetings-list:
      responses:
        "200":
          application/json: {"greetings": [{"name": "<value>", "text": "<value>", "id": 547272}, {"name": "<value>", "text": "<value>", "id": 678317}, {"name": "<value>", "text": "<value>", "id": 177706}]}
        "422": {}
  greetings_create:
    speakeasy-default-greetings-create:
      requestBody:
        application/json: {"name": "<value>", "text": "<value>"}
      responses:
        "200":
          application/json: {"name": "<value>", "text": "<value>", "id": 486589}
        "422": {}
  greetings_update:
    speakeasy-default-greetings-update:
      requestBody:
        application/json: {"name": "<value>", "text": "<value>", "id": 857478}
      responses:
        "200":
          application/json: {"name": "<value>", "text": "<value>", "id": 597129}
        "422": {}
  greetings_get_by_id:
    speakeasy-default-greetings-get-by-id:
      parameters:
        path:
          greeting_id: 931598
      responses:
        "200":
          application/json: {"name": "<value>", "text": "<value>", "id": 505057}
        "422": {}
  greetings_delete:
    speakeasy-default-greetings-delete:
      parameters:
        path:
          greeting_id: 545907
        query:
          reason: "<value>"
      responses:
        "200":
          application/json: "<value>"
        "422": {}
  prompts_list:
    speakeasy-default-prompts-list:
      responses:
        "200":
          application/json: {"items": [{"name": "<value>", "type": "<value>", "llm_config": {"provider": "openai", "model": "gpt-4o", "version": "2024-05-13", "api_version": "2024-06-01"}, "id": 547272, "last_updated": "<value>"}, {"name": "<value>", "type": "<value>", "llm_config": {"provider": "openai", "model": "gpt-4o", "version": "2024-05-13", "api_version": "2024-06-01"}, "id": 678317, "last_updated": "<value>"}, {"name": "<value>", "type": "<value>", "llm_config": {"provider": "openai", "model": "gpt-4o", "version": "2024-05-13", "api_version": "2024-06-01"}, "id": 177706, "last_updated": "<value>"}], "page": 229716, "page_size": 152837, "total_pages": 635532, "total_count": 639387}
        "422": {}
  prompts_create:
    speakeasy-default-prompts-create:
      requestBody:
        application/json: {"name": "<value>", "type": "<value>", "llm_config": {"provider": "azure_openai", "model": "gpt-4o", "version": "2024-05-13", "api_version": "2024-06-01"}}
      responses:
        "200":
          application/json: {"name": "<value>", "type": "<value>", "llm_config": {"provider": "openai", "model": "gpt-4o", "version": "2024-05-13", "api_version": "2024-06-01"}, "id": 486589, "last_updated": "<value>"}
        "422": {}
  prompts_update:
    speakeasy-default-prompts-update:
      requestBody:
        application/json: {"name": "<value>", "type": "<value>", "llm_config": {"provider": "openai", "model": "gpt-4o", "version": "2024-05-13", "api_version": "2024-06-01"}, "id": 857478}
      responses:
        "200":
          application/json: {"name": "<value>", "type": "<value>", "llm_config": {"provider": "openai", "model": "gpt-4o", "version": "2024-05-13", "api_version": "2024-06-01"}, "id": 597129, "last_updated": "<value>"}
        "422": {}
  prompts_get_by_id:
    speakeasy-default-prompts-get-by-id:
      parameters:
        path:
          prompt_id: 931598
      responses:
        "200":
          application/json: {"name": "<value>", "type": "<value>", "llm_config": {"provider": "openai", "model": "gpt-4o", "version": "2024-05-13", "api_version": "2024-06-01"}, "id": 505057, "last_updated": "<value>"}
        "422": {}
  prompts_delete:
    speakeasy-default-prompts-delete:
      parameters:
        path:
          prompt_id: 545907
        query:
          reason: "<value>"
      responses:
        "200":
          application/json: "<value>"
        "422": {}
  sessions_list:
    speakeasy-default-sessions-list:
      responses:
        "200":
          application/json: {"items": [{"timestamp": "2023-08-23T19:26:20.850Z"}, {"timestamp": "2024-01-14T10:26:00.433Z"}, {"timestamp": "2022-07-14T18:23:27.528Z"}], "page": 229716, "page_size": 152837, "total_pages": 635532, "total_count": 639387}
        "422": {}
  tool_list:
    speakeasy-default-tool-list:
      responses:
        "200":
          application/json: {"items": [{"name": "<value>", "service_id": 547272, "id": 678317}, {"name": "<value>", "service_id": 177706, "id": 229716}, {"name": "<value>", "service_id": 152837, "id": 635532}], "page": 639387, "page_size": 17577, "total_pages": 718303, "total_count": 86140}
        "422": {}
  tool_get_by_name:
    speakeasy-default-tool-get-by-name:
      parameters:
        path:
          tool_name: "<value>"
      responses:
        "200":
          application/json: {"name": "<value>", "description": "round likewise ponder bump but sport", "fields": ["<value>"]}
        "422": {}
  organizations_list:
    speakeasy-default-organizations-list:
      responses:
        "200":
          application/json: [{"id": 547272, "name": "<value>", "display_name": "Marie.Fay"}, {"id": 17577, "name": "<value>", "display_name": "Miles_Bernhard"}, {"id": 7468, "name": "<value>", "display_name": "Amparo.Kuhic"}]
  send_test_message:
    speakeasy-default-send-test-message:
      requestBody:
        application/json: {"service_name": "<value>", "source": "<value>", "test_id": "<id>", "agent_id": "<id>", "org_name": "<value>"}
      responses:
        "200":
          application/json: {"test_id": "<id>", "agent_id": "<id>", "text": "<value>"}
        "422": {}
  custom_messages_list:
    speakeasy-default-custom-messages-list:
      responses:
        "200":
          application/json: {"items": [{"name": "<value>", "text": "<value>", "id": 547272}, {"name": "<value>", "text": "<value>", "id": 678317}, {"name": "<value>", "text": "<value>", "id": 177706}], "page": 229716, "page_size": 152837, "total_pages": 635532, "total_count": 639387}
        "422": {}
  custom_messages_create:
    speakeasy-default-custom-messages-create:
      requestBody:
        application/json: {"name": "<value>", "text": "<value>"}
      responses:
        "200":
          application/json: {"name": "<value>", "text": "<value>", "id": 486589}
        "422": {}
  custom_messages_update:
    speakeasy-default-custom-messages-update:
      requestBody:
        application/json: {"name": "<value>", "text": "<value>", "id": 857478}
      responses:
        "200":
          application/json: {"name": "<value>", "text": "<value>", "id": 597129}
        "422": {}
  custom_message_get_by_id:
    speakeasy-default-custom-message-get-by-id:
      parameters:
        path:
          custom_message_id: 931598
      responses:
        "200":
          application/json: {"name": "<value>", "text": "<value>", "id": 505057}
        "422": {}
  custom_messages_delete:
    speakeasy-default-custom-messages-delete:
      parameters:
        path:
          custom_message_id: 545907
        query:
          reason: "<value>"
      responses:
        "200":
          application/json: "<value>"
        "422": {}
  channel_targets_delete:
    speakeasy-default-channel-targets-delete:
      parameters:
        path:
          channel_id: "<id>"
        query:
          target_id: "<id>"
      responses:
        "200":
          application/json: {"id": 545907, "channel_id": 698486, "channel_name": "<value>", "agent_id": 386564, "target": "<value>", "target_mode": "<value>", "fallback_target": "<value>", "is_test": false}
        "422": {}
  channel_targets_update:
    speakeasy-default-channel-targets-update:
      parameters:
        path:
          channel_id: 627690
          target_id: 488852
      requestBody:
        application/json: {"id": 857478, "channel_id": 597129, "channel_name": "<value>", "agent_id": 344620, "target": "<value>", "target_mode": "<value>", "fallback_target": "<value>", "is_test": false}
      responses:
        "200":
          application/json: {"id": 984008, "channel_id": 54062, "channel_name": "<value>", "agent_id": 896501, "target": "<value>", "target_mode": "<value>", "fallback_target": "<value>", "is_test": true}
        "422": {}
  session_label_get_by_id:
    speakeasy-default-session-label-get-by-id:
      parameters:
        path:
          session_label_id: 931598
      responses:
        "200":
          application/json: {"session_id": 505057, "type": "<value>", "code": "<value>", "user_email": "<value>", "id": 467619, "timestamp": "<value>"}
        "422": {}
  session_label_create:
    speakeasy-default-session-label-create:
      requestBody:
        application/json: {"session_id": 486589, "type": "<value>", "code": "<value>", "user_email": "<value>"}
      responses:
        "200":
          application/json: {"session_id": 638424, "type": "<value>", "code": "<value>", "user_email": "<value>", "id": 417458, "timestamp": "<value>"}
        "422": {}
  session_labels_list:
    speakeasy-default-session-labels-list:
      responses:
        "200":
          application/json: {"items": [{"session_id": 547272, "type": "<value>", "code": "<value>", "user_email": "<value>", "id": 678317, "timestamp": "<value>"}, {"session_id": 177706, "type": "<value>", "code": "<value>", "user_email": "<value>", "id": 229716, "timestamp": "<value>"}, {"session_id": 152837, "type": "<value>", "code": "<value>", "user_email": "<value>", "id": 635532, "timestamp": "<value>"}], "page": 639387, "page_size": 17577}
        "422": {}
  session_transcript_get_by_id:
    speakeasy-default-session-transcript-get-by-id:
      parameters:
        path:
          session_id: "<id>"
      responses:
        "200":
          application/json: {"session_id": "<id>", "transcription": [{"timestamp": "2023-07-08T13:01:26.809Z"}, {"timestamp": "2023-05-28T12:15:12.578Z"}, {"timestamp": "2022-02-06T16:50:06.315Z"}], "actions": [{"timestamp": "2024-08-17T13:32:33.654Z"}, {"timestamp": "2023-08-23T04:58:12.943Z"}]}
        "422": {}
  session_get_by_id:
    speakeasy-default-session-get-by-id:
      parameters:
        path:
          session_id: "<id>"
      responses:
        "200":
          application/json: {"timestamp": "2024-10-18T00:43:47.367Z"}
        "422": {}
  generate_session_recording_urls:
    speakeasy-default-generate-session-recording-urls:
      parameters:
        path:
          session_id: "<id>"
  session_recording_stream:
    speakeasy-default-session-recording-stream:
      parameters:
        query:
          token: "<value>"
      responses:
        "200":
          application/json: "<value>"
        "422": {}
  prompts_history:
    speakeasy-default-prompts-history:
      parameters:
        path:
          prompt_id: 627932
      responses:
        "200":
          application/json: [{"timestamp": "2022-03-05T12:13:59.670Z"}]
        "422": {}
  service_list:
    speakeasy-default-service-list:
      responses:
        "200":
          application/json: {"items": [{"name": "<value>", "description": "yuck accountability pish likewise excepting unimpressively quickly", "id": 934960, "tools": ["<value>", "<value>", "<value>"]}, {"name": "<value>", "description": "defiantly whenever disk", "id": 324206, "tools": []}, {"name": "<value>", "description": "via during someplace woot excepting gah only despite", "id": 933854, "tools": ["<value>", "<value>"]}], "page": 869095, "page_size": 500063}
        "422": {}
  service_create:
    speakeasy-default-service-create:
      requestBody:
        application/json: {"name": "<value>", "description": "yuck vice between gee ugh ha"}
      responses:
        "200":
          application/json: {"name": "<value>", "description": "bulky electronics through for ick superb nudge embalm simple ouch", "id": 934959, "tools": ["<value>", "<value>", "<value>"]}
        "422": {}
  service_update:
    speakeasy-default-service-update:
      requestBody:
        application/json: {"name": "<value>", "description": "awful underneath retention too mobility char innocently dowse restfully", "id": 243447}
      responses:
        "200":
          application/json: {"name": "<value>", "description": "belabor past wearily broadside backburn", "id": 967252, "tools": ["<value>"]}
        "422": {}
  tool_create:
    speakeasy-default-tool-create:
      requestBody:
        application/json: {"name": "<value>", "service_id": 486589}
      responses:
        "200":
          application/json: {"name": "<value>", "service_id": 638424, "id": 417458}
        "422": {}
  tool_update:
    speakeasy-default-tool-update:
      requestBody:
        application/json: {"name": "<value>", "service_id": 857478, "id": 597129}
      responses:
        "200":
          application/json: {"name": "<value>", "service_id": 344620, "id": 991464}
        "422": {}
  directory_member_list:
    speakeasy-default-directory-member-list:
      responses:
        "200":
          application/json: {"items": [{"name": "<value>", "type": "<value>", "id": 547272}, {"name": "<value>", "type": "<value>", "id": 678317}, {"name": "<value>", "type": "<value>", "id": 177706}], "page": 229716, "page_size": 152837}
        "422": {}
  directory_member_create:
    speakeasy-default-directory-member-create:
      requestBody:
        application/json: {"name": "<value>", "type": "<value>"}
      responses:
        "200":
          application/json: {"name": "<value>", "type": "<value>", "id": 486589}
        "422": {}
  directory_member_get_by_id:
    speakeasy-default-directory-member-get-by-id:
      parameters:
        path:
          member_id: 931598
      responses:
        "200":
          application/json: {"name": "<value>", "type": "<value>", "id": 505057}
        "422": {}
  directory_member_update:
    speakeasy-default-directory-member-update:
      parameters:
        path:
          member_id: 597129
      requestBody:
        application/json: {"name": "<value>", "type": "<value>", "id": 857478}
      responses:
        "200":
          application/json: {"name": "<value>", "type": "<value>", "id": 344620}
        "422": {}
  directory_member_delete:
    speakeasy-default-directory-member-delete:
      parameters:
        path:
          member_id: 545907
      responses:
        "200":
          application/json: "<value>"
        "422": {}
generatedTests: {}
