speakeasyVersion: 1.493.2
sources:
    SyllableSDK-OAS:
        sourceNamespace: syllable-sdk-oas
        sourceRevisionDigest: sha256:d38dddad2c7e61e03cea14271492b390be7ff840f25346293880e74b261da9f6
        sourceBlobDigest: sha256:f943db7c2191b79e147d655ab667693db79e8a45b86c33dc8b16d94adf2a125c
        tags:
            - latest
            - speakeasy-sdk-regen-1747099332
            - 0.0.2
targets:
    syllable-sdk:
        source: SyllableSDK-OAS
        sourceNamespace: syllable-sdk-oas
        sourceRevisionDigest: sha256:d38dddad2c7e61e03cea14271492b390be7ff840f25346293880e74b261da9f6
        sourceBlobDigest: sha256:f943db7c2191b79e147d655ab667693db79e8a45b86c33dc8b16d94adf2a125c
        codeSamplesNamespace: code-samples-typescript-sdk-syllable-sdk-oas
        codeSamplesRevisionDigest: sha256:b38a786c687f0adea52d943b215477208f3eb285a27f2b01fbda5c4599147370
workflow:
    workflowVersion: 1.0.0
    speakeasyVersion: 1.493.2
    sources:
        SyllableSDK-OAS:
            inputs:
                - location: ./openapi.json
            overlays:
                - location: ./overlay-remove-V1.yaml
            output: openapi.yaml
            registry:
                location: registry.speakeasyapi.dev/syllable/syllable/syllable-sdk-oas
    targets:
        syllable-sdk:
            target: typescript
            source: SyllableSDK-OAS
            publish:
                npm:
                    token: $npm_token
            codeSamples:
                output: codeSamples.yaml
                registry:
                    location: registry.speakeasyapi.dev/syllable/syllable/code-samples-typescript-sdk-syllable-sdk-oas
                labelOverride:
                    fixedValue: Typescript (SDK)
