speakeasyVersion: 1.638.0
sources:
    SyllableSDK-OAS:
        sourceNamespace: syllable-sdk-oas
        sourceRevisionDigest: sha256:4ec0b3fb91ec6b9cd4def6ac269caa2887c48bd142b6615e40981e3f7ff22bb3
        sourceBlobDigest: sha256:b1649dfd73a41c4e592a1889ae26bd0af49c48daa40cc4952f9b0451d16d746a
        tags:
            - latest
            - speakeasy-sdk-regen-1761158726
            - 0.0.2
targets:
    syllable-sdk:
        source: SyllableSDK-OAS
        sourceNamespace: syllable-sdk-oas
        sourceRevisionDigest: sha256:4ec0b3fb91ec6b9cd4def6ac269caa2887c48bd142b6615e40981e3f7ff22bb3
        sourceBlobDigest: sha256:b1649dfd73a41c4e592a1889ae26bd0af49c48daa40cc4952f9b0451d16d746a
        codeSamplesNamespace: code-samples-typescript-sdk-syllable-sdk-oas
        codeSamplesRevisionDigest: sha256:db416139697ce3fe31139d9518e3cb2012276a989a507e4e3a9ebe710a9e2863
workflow:
    workflowVersion: 1.0.0
    speakeasyVersion: latest
    sources:
        SyllableSDK-OAS:
            inputs:
                - location: ./openapi.json
            overlays:
                - location: ./overlay-remove-V1.yaml
            output: openapi.yaml
            registry:
                location: registry.speakeasyapi.dev/syllable/syllable/syllable-sdk-oas
    targets:
        syllable-sdk:
            target: typescript
            source: SyllableSDK-OAS
            publish:
                npm:
                    token: $npm_token
            codeSamples:
                output: codeSamples.yaml
                registry:
                    location: registry.speakeasyapi.dev/syllable/syllable/code-samples-typescript-sdk-syllable-sdk-oas
                labelOverride:
                    fixedValue: Typescript (SDK)
