speakeasyVersion: 1.456.0
sources:
    SyllableSDK-OAS:
        sourceNamespace: syllable-sdk-oas
        sourceRevisionDigest: sha256:730134d05127c7b714fc8831745aca5d98bba1699c76116ba99b6bd8b572d813
        sourceBlobDigest: sha256:735378d05d2e4f1d9de073eb63007726a3aa2abf159495e149ed8ace8856440b
        tags:
            - latest
            - speakeasy-sdk-regen-1734555227
            - 0.0.2
targets:
    syllable-sdk:
        source: SyllableSDK-OAS
        sourceNamespace: syllable-sdk-oas
        sourceRevisionDigest: sha256:730134d05127c7b714fc8831745aca5d98bba1699c76116ba99b6bd8b572d813
        sourceBlobDigest: sha256:735378d05d2e4f1d9de073eb63007726a3aa2abf159495e149ed8ace8856440b
        codeSamplesNamespace: syllable-sdk-oas-code-samples
        codeSamplesRevisionDigest: sha256:09dc857c1b4167ee2221bb44020305ee0e986d014a247caacf6e2c2905eb1ef9
workflow:
    workflowVersion: 1.0.0
    speakeasyVersion: latest
    sources:
        SyllableSDK-OAS:
            inputs:
                - location: ./openapi.json
            overlays:
                - location: ./overlay-remove-V1.yaml
            output: openapi.yaml
            registry:
                location: registry.speakeasyapi.dev/actiumhealth/actiumhealth/syllable-sdk-oas
    targets:
        syllable-sdk:
            target: typescript
            source: SyllableSDK-OAS
            publish:
                npm:
                    token: $npm_token
            codeSamples:
                output: codeSamples.yaml
                registry:
                    location: registry.speakeasyapi.dev/actiumhealth/actiumhealth/syllable-sdk-oas-code-samples
